
Microsoft Visual Studio Solution File, Format Version 12.00
# Visual Studio Version 17
VisualStudioVersion = 17.6.33829.357
MinimumVisualStudioVersion = 10.0.40219.1
Project("{FAE04EC0-301F-11D3-BF4B-00C04F79EFBC}") = "E-Shop1", "E-Shop1\E-Shop1.csproj", "{682A407C-D6BD-4D08-A1A7-6BA1F2CCAC91}"
EndProject
Global
	GlobalSection(SolutionConfigurationPlatforms) = preSolution
		Debug|Any CPU = Debug|Any CPU
		Release|Any CPU = Release|Any CPU
	EndGlobalSection
	GlobalSection(ProjectConfigurationPlatforms) = postSolution
		{682A407C-D6BD-4D08-A1A7-6BA1F2CCAC91}.Debug|Any CPU.ActiveCfg = Debug|Any CPU
		{682A407C-D6BD-4D08-A1A7-6BA1F2CCAC91}.Debug|Any CPU.Build.0 = Debug|Any CPU
		{682A407C-D6BD-4D08-A1A7-6BA1F2CCAC91}.Release|Any CPU.ActiveCfg = Release|Any CPU
		{682A407C-D6BD-4D08-A1A7-6BA1F2CCAC91}.Release|Any CPU.Build.0 = Release|Any CPU
	EndGlobalSection
	GlobalSection(SolutionProperties) = preSolution
		HideSolutionNode = FALSE
	EndGlobalSection
	GlobalSection(ExtensibilityGlobals) = postSolution
		SolutionGuid = {8AF9FAD1-9FAE-4173-BBC5-CD287D338761}
	EndGlobalSection
EndGlobal
